
Microsoft Visual Studio Solution File, Format Version 12.00
# Visual Studio Version 17
VisualStudioVersion = 17.0.32014.148
MinimumVisualStudioVersion = 10.0.40219.1
Project("{9A19103F-16F7-4668-BE54-9A1E7A4F7556}") = "NewOcean.Api", "NewOcean.Api\NewOcean.Api.csproj", "{B57CE45C-364B-4F7C-8628-BB07D52720DC}"
EndProject
Project("{9A19103F-16F7-4668-BE54-9A1E7A4F7556}") = "NewOcean.Common", "NewOcean.Common\NewOcean.Common.csproj", "{A8464CF4-DFFC-40A1-B6D8-0689004DAE8D}"
EndProject
Project("{9A19103F-16F7-4668-BE54-9A1E7A4F7556}") = "NewOcean.Core", "NewOcean.Core\NewOcean.Core.csproj", "{BD018C80-75C1-4658-97FB-84CB8EF397BB}"
EndProject
Project("{9A19103F-16F7-4668-BE54-9A1E7A4F7556}") = "NewOcean.Data.Dto", "NewOcean.Data.Dto\NewOcean.Data.Dto.csproj", "{B1892A2C-659D-4F1D-981B-7BAA7F911813}"
EndProject
Project("{9A19103F-16F7-4668-BE54-9A1E7A4F7556}") = "NewOcean.Data.Redis", "NewOcean.Data.Redis\NewOcean.Data.Redis.csproj", "{0232B4C3-6D3A-4C40-8B28-FB9B063420BE}"
EndProject
Project("{9A19103F-16F7-4668-BE54-9A1E7A4F7556}") = "NewOcean.Data.SqlServer", "NewOcean.Data.SqlServer\NewOcean.Data.SqlServer.csproj", "{7F672F41-AD73-43BC-A801-4B81B1C9F5B1}"
EndProject
Project("{9A19103F-16F7-4668-BE54-9A1E7A4F7556}") = "NewOcean.Domain", "NewOcean.Domain\NewOcean.Domain.csproj", "{4BABD460-CCDE-4971-B263-0CA8D1669F4B}"
EndProject
Project("{9A19103F-16F7-4668-BE54-9A1E7A4F7556}") = "NewOcean.Service", "NewOcean.Service\NewOcean.Service.csproj", "{0DB8EF0E-0A8D-4081-9202-3923E2A5243F}"
EndProject
Project("{9A19103F-16F7-4668-BE54-9A1E7A4F7556}") = "Test.Bocasay.Api", "Test.NewOcean.Api\Test.Bocasay.Api.csproj", "{7C59C368-29EF-4383-955A-215C6EB9862D}"
EndProject
Global
	GlobalSection(SolutionConfigurationPlatforms) = preSolution
		Debug|Any CPU = Debug|Any CPU
		Release|Any CPU = Release|Any CPU
	EndGlobalSection
	GlobalSection(ProjectConfigurationPlatforms) = postSolution
		{B57CE45C-364B-4F7C-8628-BB07D52720DC}.Debug|Any CPU.ActiveCfg = Debug|Any CPU
		{B57CE45C-364B-4F7C-8628-BB07D52720DC}.Debug|Any CPU.Build.0 = Debug|Any CPU
		{B57CE45C-364B-4F7C-8628-BB07D52720DC}.Release|Any CPU.ActiveCfg = Release|Any CPU
		{B57CE45C-364B-4F7C-8628-BB07D52720DC}.Release|Any CPU.Build.0 = Release|Any CPU
		{A8464CF4-DFFC-40A1-B6D8-0689004DAE8D}.Debug|Any CPU.ActiveCfg = Debug|Any CPU
		{A8464CF4-DFFC-40A1-B6D8-0689004DAE8D}.Debug|Any CPU.Build.0 = Debug|Any CPU
		{A8464CF4-DFFC-40A1-B6D8-0689004DAE8D}.Release|Any CPU.ActiveCfg = Release|Any CPU
		{A8464CF4-DFFC-40A1-B6D8-0689004DAE8D}.Release|Any CPU.Build.0 = Release|Any CPU
		{BD018C80-75C1-4658-97FB-84CB8EF397BB}.Debug|Any CPU.ActiveCfg = Debug|Any CPU
		{BD018C80-75C1-4658-97FB-84CB8EF397BB}.Debug|Any CPU.Build.0 = Debug|Any CPU
		{BD018C80-75C1-4658-97FB-84CB8EF397BB}.Release|Any CPU.ActiveCfg = Release|Any CPU
		{BD018C80-75C1-4658-97FB-84CB8EF397BB}.Release|Any CPU.Build.0 = Release|Any CPU
		{B1892A2C-659D-4F1D-981B-7BAA7F911813}.Debug|Any CPU.ActiveCfg = Debug|Any CPU
		{B1892A2C-659D-4F1D-981B-7BAA7F911813}.Debug|Any CPU.Build.0 = Debug|Any CPU
		{B1892A2C-659D-4F1D-981B-7BAA7F911813}.Release|Any CPU.ActiveCfg = Release|Any CPU
		{B1892A2C-659D-4F1D-981B-7BAA7F911813}.Release|Any CPU.Build.0 = Release|Any CPU
		{0232B4C3-6D3A-4C40-8B28-FB9B063420BE}.Debug|Any CPU.ActiveCfg = Debug|Any CPU
		{0232B4C3-6D3A-4C40-8B28-FB9B063420BE}.Debug|Any CPU.Build.0 = Debug|Any CPU
		{0232B4C3-6D3A-4C40-8B28-FB9B063420BE}.Release|Any CPU.ActiveCfg = Release|Any CPU
		{0232B4C3-6D3A-4C40-8B28-FB9B063420BE}.Release|Any CPU.Build.0 = Release|Any CPU
		{7F672F41-AD73-43BC-A801-4B81B1C9F5B1}.Debug|Any CPU.ActiveCfg = Debug|Any CPU
		{7F672F41-AD73-43BC-A801-4B81B1C9F5B1}.Debug|Any CPU.Build.0 = Debug|Any CPU
		{7F672F41-AD73-43BC-A801-4B81B1C9F5B1}.Release|Any CPU.ActiveCfg = Release|Any CPU
		{7F672F41-AD73-43BC-A801-4B81B1C9F5B1}.Release|Any CPU.Build.0 = Release|Any CPU
		{4BABD460-CCDE-4971-B263-0CA8D1669F4B}.Debug|Any CPU.ActiveCfg = Debug|Any CPU
		{4BABD460-CCDE-4971-B263-0CA8D1669F4B}.Debug|Any CPU.Build.0 = Debug|Any CPU
		{4BABD460-CCDE-4971-B263-0CA8D1669F4B}.Release|Any CPU.ActiveCfg = Release|Any CPU
		{4BABD460-CCDE-4971-B263-0CA8D1669F4B}.Release|Any CPU.Build.0 = Release|Any CPU
		{0DB8EF0E-0A8D-4081-9202-3923E2A5243F}.Debug|Any CPU.ActiveCfg = Debug|Any CPU
		{0DB8EF0E-0A8D-4081-9202-3923E2A5243F}.Debug|Any CPU.Build.0 = Debug|Any CPU
		{0DB8EF0E-0A8D-4081-9202-3923E2A5243F}.Release|Any CPU.ActiveCfg = Release|Any CPU
		{0DB8EF0E-0A8D-4081-9202-3923E2A5243F}.Release|Any CPU.Build.0 = Release|Any CPU
		{7C59C368-29EF-4383-955A-215C6EB9862D}.Debug|Any CPU.ActiveCfg = Debug|Any CPU
		{7C59C368-29EF-4383-955A-215C6EB9862D}.Debug|Any CPU.Build.0 = Debug|Any CPU
		{7C59C368-29EF-4383-955A-215C6EB9862D}.Release|Any CPU.ActiveCfg = Release|Any CPU
		{7C59C368-29EF-4383-955A-215C6EB9862D}.Release|Any CPU.Build.0 = Release|Any CPU
	EndGlobalSection
	GlobalSection(SolutionProperties) = preSolution
		HideSolutionNode = FALSE
	EndGlobalSection
	GlobalSection(ExtensibilityGlobals) = postSolution
		SolutionGuid = {0E0A6B94-6843-40C8-837E-AA135D0F31F5}
	EndGlobalSection
EndGlobal
